# THIS IS AN AUTOGENERATED FILE. DO NOT EDIT THIS FILE DIRECTLY.
# yarn lockfile v1


"@playwright/test@^1.49.1":
  version "1.49.1"
  resolved "https://registry.npmjs.org/@playwright/test/-/test-1.49.1.tgz"
  integrity sha512-Ky+BVzPz8pL6PQxHqNRW1k3mIyv933LML7HktS8uik0bUXNCdPhoS/kLihiO1tMf/egaJb4IutXd7UywvXEW+g==
  dependencies:
    playwright "1.49.1"

"@types/dotenv@^8.2.3":
  version "8.2.3"
  resolved "https://registry.npmjs.org/@types/dotenv/-/dotenv-8.2.3.tgz"
  integrity sha512-g2FXjlDX/cYuc5CiQvyU/6kkbP1JtmGzh0obW50zD7OKeILVL0NSpPWLXVfqoAGQjom2/SLLx9zHq0KXvD6mbw==
  dependencies:
    dotenv "*"

"@types/node@^20.10.3":
  version "20.17.11"
  resolved "https://registry.npmjs.org/@types/node/-/node-20.17.11.tgz"
  integrity sha512-Ept5glCK35R8yeyIeYlRIZtX6SLRyqMhOFTgj5SOkMpLTdw3SEHI9fHx60xaUZ+V1aJxQJODE+7/j5ocZydYTg==
  dependencies:
    undici-types "~6.19.2"

dotenv@*, dotenv@^16.4.7:
  version "16.4.7"
  resolved "https://registry.npmjs.org/dotenv/-/dotenv-16.4.7.tgz"
  integrity sha512-47qPchRCykZC03FhkYAhrvwU4xDBFIj1QPqaarj6mdM/hgUzfPHcpkHJOn3mJAufFeeAxAzeGsr5X0M4k6fLZQ==

playwright-core@1.49.1:
  version "1.49.1"
  resolved "https://registry.npmjs.org/playwright-core/-/playwright-core-1.49.1.tgz"
  integrity sha512-BzmpVcs4kE2CH15rWfzpjzVGhWERJfmnXmniSyKeRZUs9Ws65m+RGIi7mjJK/euCegfn3i7jvqWeWyHe9y3Vgg==

playwright@1.49.1:
  version "1.49.1"
  resolved "https://registry.npmjs.org/playwright/-/playwright-1.49.1.tgz"
  integrity sha512-VYL8zLoNTBxVOrJBbDuRgDWa3i+mfQgDTrL8Ah9QXZ7ax4Dsj0MSq5bYgytRnDVVe+njoKnfsYkH3HzqVj5UZA==
  dependencies:
    playwright-core "1.49.1"
  optionalDependencies:
    fsevents "2.3.2"

typescript@^5.3.2:
  version "5.7.2"
  resolved "https://registry.npmjs.org/typescript/-/typescript-5.7.2.tgz"
  integrity sha512-i5t66RHxDvVN40HfDd1PsEThGNnlMCMT3jMUuoh9/0TaqWevNontacunWyN02LA9/fIbEWlcHZcgTKb9QoaLfg==

undici-types@~6.19.2:
  version "6.19.8"
  resolved "https://registry.npmjs.org/undici-types/-/undici-types-6.19.8.tgz"
  integrity sha512-ve2KP6f/JnbPBFyobGHuerC9g1FYGn/F8n1LWTwNxCEzd6IfqTwUQcNXgEtmmQ6DlRrC1hrSrBnCZPokRrDHjw==
